Microsoft Visual Studio Solution File, Format Version 11.00
# Visual Studio 2008

Project("{EAEB8871-BF92-72C9-E815-71AD9149B60B}") = "time_prison", "Assembly-CSharp-firstpass.csproj", "{AED8B571-4F68-DD80-8323-C9D8FE91274F}"
EndProject
Project("{EAEB8871-BF92-72C9-E815-71AD9149B60B}") = "time_prison", "Assembly-CSharp.csproj", "{3F697AF4-EB0A-D632-3A20-079586D9E9B5}"
EndProject
Project("{EAEB8871-BF92-72C9-E815-71AD9149B60B}") = "time_prison", "Assembly-UnityScript-firstpass.unityproj", "{0E7E7458-F7D2-E03C-4253-63232429F7A6}"
EndProject
Global
	GlobalSection(SolutionConfigurationPlatforms) = preSolution
		Debug|Any CPU = Debug|Any CPU
		Release|Any CPU = Release|Any CPU
	EndGlobalSection
	GlobalSection(ProjectConfigurationPlatforms) = postSolution
		{AED8B571-4F68-DD80-8323-C9D8FE91274F}.Debug|Any CPU.ActiveCfg = Debug|Any CPU
		{AED8B571-4F68-DD80-8323-C9D8FE91274F}.Debug|Any CPU.Build.0 = Debug|Any CPU
		{AED8B571-4F68-DD80-8323-C9D8FE91274F}.Release|Any CPU.ActiveCfg = Release|Any CPU
		{AED8B571-4F68-DD80-8323-C9D8FE91274F}.Release|Any CPU.Build.0 = Release|Any CPU
		{3F697AF4-EB0A-D632-3A20-079586D9E9B5}.Debug|Any CPU.ActiveCfg = Debug|Any CPU
		{3F697AF4-EB0A-D632-3A20-079586D9E9B5}.Debug|Any CPU.Build.0 = Debug|Any CPU
		{3F697AF4-EB0A-D632-3A20-079586D9E9B5}.Release|Any CPU.ActiveCfg = Release|Any CPU
		{3F697AF4-EB0A-D632-3A20-079586D9E9B5}.Release|Any CPU.Build.0 = Release|Any CPU
		{0E7E7458-F7D2-E03C-4253-63232429F7A6}.Debug|Any CPU.ActiveCfg = Debug|Any CPU
		{0E7E7458-F7D2-E03C-4253-63232429F7A6}.Debug|Any CPU.Build.0 = Debug|Any CPU
		{0E7E7458-F7D2-E03C-4253-63232429F7A6}.Release|Any CPU.ActiveCfg = Release|Any CPU
		{0E7E7458-F7D2-E03C-4253-63232429F7A6}.Release|Any CPU.Build.0 = Release|Any CPU
	EndGlobalSection
	GlobalSection(SolutionProperties) = preSolution
		HideSolutionNode = FALSE
	EndGlobalSection
												GlobalSection(MonoDevelopProperties) = preSolution
		StartupItem = Assembly-CSharp.csproj
		Policies = $0
		$0.TextStylePolicy = $1
		$1.inheritsSet = null
		$1.scope = text/x-csharp
		$0.CSharpFormattingPolicy = $2
		$2.inheritsSet = Mono
		$2.inheritsScope = text/x-csharp
		$2.scope = text/x-csharp
		$0.TextStylePolicy = $3
		$3.FileWidth = 120
		$3.TabWidth = 4
		$3.EolMarker = Unix
		$3.inheritsSet = Mono
		$3.inheritsScope = text/plain
		$3.scope = text/plain
	EndGlobalSection

EndGlobal
